
Microsoft Visual Studio Solution File, Format Version 12.00
# Visual Studio Version 16
VisualStudioVersion = 16.0.810.23
MinimumVisualStudioVersion = 10.0.40219.1
Project("{FAE04EC0-301F-11D3-BF4B-00C04F79EFBC}") = "sycXF", "sycXF\sycXF.csproj", "{822A17F2-511A-4FAA-8299-80D057CC1D27}"
EndProject
Project("{FAE04EC0-301F-11D3-BF4B-00C04F79EFBC}") = "sycXF.iOS", "sycXF.iOS\sycXF.iOS.csproj", "{6EEB23DC-7063-4444-9AF8-90DF24F549C0}"
EndProject
Project("{FAE04EC0-301F-11D3-BF4B-00C04F79EFBC}") = "sycXF.Android", "sycXF.Android\sycXF.Android.csproj", "{62DBB163-9CA9-4818-B48B-13233DF37C24}"
EndProject
Global
	GlobalSection(SolutionConfigurationPlatforms) = preSolution
		Debug|Any CPU = Debug|Any CPU
		Release|Any CPU = Release|Any CPU
		Debug|iPhoneSimulator = Debug|iPhoneSimulator
		Release|iPhoneSimulator = Release|iPhoneSimulator
		Debug|iPhone = Debug|iPhone
		Release|iPhone = Release|iPhone
	EndGlobalSection
	GlobalSection(ProjectConfigurationPlatforms) = postSolution
		{822A17F2-511A-4FAA-8299-80D057CC1D27}.Debug|Any CPU.ActiveCfg = Debug|Any CPU
		{822A17F2-511A-4FAA-8299-80D057CC1D27}.Debug|Any CPU.Build.0 = Debug|Any CPU
		{822A17F2-511A-4FAA-8299-80D057CC1D27}.Release|Any CPU.ActiveCfg = Release|Any CPU
		{822A17F2-511A-4FAA-8299-80D057CC1D27}.Release|Any CPU.Build.0 = Release|Any CPU
		{822A17F2-511A-4FAA-8299-80D057CC1D27}.Debug|iPhoneSimulator.ActiveCfg = Debug|Any CPU
		{822A17F2-511A-4FAA-8299-80D057CC1D27}.Debug|iPhoneSimulator.Build.0 = Debug|Any CPU
		{822A17F2-511A-4FAA-8299-80D057CC1D27}.Release|iPhoneSimulator.ActiveCfg = Release|Any CPU
		{822A17F2-511A-4FAA-8299-80D057CC1D27}.Release|iPhoneSimulator.Build.0 = Release|Any CPU
		{822A17F2-511A-4FAA-8299-80D057CC1D27}.Debug|iPhone.ActiveCfg = Debug|Any CPU
		{822A17F2-511A-4FAA-8299-80D057CC1D27}.Debug|iPhone.Build.0 = Debug|Any CPU
		{822A17F2-511A-4FAA-8299-80D057CC1D27}.Release|iPhone.ActiveCfg = Release|Any CPU
		{822A17F2-511A-4FAA-8299-80D057CC1D27}.Release|iPhone.Build.0 = Release|Any CPU
		{6EEB23DC-7063-4444-9AF8-90DF24F549C0}.Debug|Any CPU.ActiveCfg = Debug|iPhoneSimulator
		{6EEB23DC-7063-4444-9AF8-90DF24F549C0}.Debug|Any CPU.Build.0 = Debug|iPhoneSimulator
		{6EEB23DC-7063-4444-9AF8-90DF24F549C0}.Release|Any CPU.ActiveCfg = Release|iPhoneSimulator
		{6EEB23DC-7063-4444-9AF8-90DF24F549C0}.Release|Any CPU.Build.0 = Release|iPhoneSimulator
		{6EEB23DC-7063-4444-9AF8-90DF24F549C0}.Debug|iPhoneSimulator.ActiveCfg = Debug|iPhoneSimulator
		{6EEB23DC-7063-4444-9AF8-90DF24F549C0}.Debug|iPhoneSimulator.Build.0 = Debug|iPhoneSimulator
		{6EEB23DC-7063-4444-9AF8-90DF24F549C0}.Release|iPhoneSimulator.ActiveCfg = Release|iPhoneSimulator
		{6EEB23DC-7063-4444-9AF8-90DF24F549C0}.Release|iPhoneSimulator.Build.0 = Release|iPhoneSimulator
		{6EEB23DC-7063-4444-9AF8-90DF24F549C0}.Debug|iPhone.ActiveCfg = Debug|iPhone
		{6EEB23DC-7063-4444-9AF8-90DF24F549C0}.Debug|iPhone.Build.0 = Debug|iPhone
		{6EEB23DC-7063-4444-9AF8-90DF24F549C0}.Release|iPhone.ActiveCfg = Release|iPhone
		{6EEB23DC-7063-4444-9AF8-90DF24F549C0}.Release|iPhone.Build.0 = Release|iPhone
		{62DBB163-9CA9-4818-B48B-13233DF37C24}.Debug|Any CPU.ActiveCfg = Debug|Any CPU
		{62DBB163-9CA9-4818-B48B-13233DF37C24}.Debug|Any CPU.Build.0 = Debug|Any CPU
		{62DBB163-9CA9-4818-B48B-13233DF37C24}.Release|Any CPU.ActiveCfg = Release|Any CPU
		{62DBB163-9CA9-4818-B48B-13233DF37C24}.Release|Any CPU.Build.0 = Release|Any CPU
		{62DBB163-9CA9-4818-B48B-13233DF37C24}.Debug|iPhoneSimulator.ActiveCfg = Debug|Any CPU
		{62DBB163-9CA9-4818-B48B-13233DF37C24}.Debug|iPhoneSimulator.Build.0 = Debug|Any CPU
		{62DBB163-9CA9-4818-B48B-13233DF37C24}.Release|iPhoneSimulator.ActiveCfg = Release|Any CPU
		{62DBB163-9CA9-4818-B48B-13233DF37C24}.Release|iPhoneSimulator.Build.0 = Release|Any CPU
		{62DBB163-9CA9-4818-B48B-13233DF37C24}.Debug|iPhone.ActiveCfg = Debug|Any CPU
		{62DBB163-9CA9-4818-B48B-13233DF37C24}.Debug|iPhone.Build.0 = Debug|Any CPU
		{62DBB163-9CA9-4818-B48B-13233DF37C24}.Release|iPhone.ActiveCfg = Release|Any CPU
		{62DBB163-9CA9-4818-B48B-13233DF37C24}.Release|iPhone.Build.0 = Release|Any CPU
	EndGlobalSection
	GlobalSection(SolutionProperties) = preSolution
		HideSolutionNode = FALSE
	EndGlobalSection
	GlobalSection(ExtensibilityGlobals) = postSolution
		SolutionGuid = {C949C1FD-CB47-4388-ACD5-BD31A670ABD3}
	EndGlobalSection
EndGlobal
